// !$*UTF8*$!
{
	archiveVersion = 1;
	classes = {
	};
	objectVersion = 56;
	objects = {

/* Begin PBXBuildFile section */
		3567A6B595EE23B6AC570EEA /* libPods-OptimisationCrashDemo.a in Frameworks */ = {isa = PBXBuildFile; fileRef = 6DB6A6E58EBD8F3F985DDD13 /* libPods-OptimisationCrashDemo.a */; };
		6A4F69A42ABAD56D001F4338 /* AppDelegate.swift in Sources */ = {isa = PBXBuildFile; fileRef = 6A4F69A32ABAD56D001F4338 /* AppDelegate.swift */; };
		6A4F69A62ABAD56D001F4338 /* SceneDelegate.swift in Sources */ = {isa = PBXBuildFile; fileRef = 6A4F69A52ABAD56D001F4338 /* SceneDelegate.swift */; };
		6A4F69A82ABAD56D001F4338 /* ViewController.swift in Sources */ = {isa = PBXBuildFile; fileRef = 6A4F69A72ABAD56D001F4338 /* ViewController.swift */; };
		6A4F69AB2ABAD56D001F4338 /* Main.storyboard in Resources */ = {isa = PBXBuildFile; fileRef = 6A4F69A92ABAD56D001F4338 /* Main.storyboard */; };
		6A4F69AD2ABAD56E001F4338 /* Assets.xcassets in Resources */ = {isa = PBXBuildFile; fileRef = 6A4F69AC2ABAD56E001F4338 /* Assets.xcassets */; };
		6A4F69B02ABAD56E001F4338 /* LaunchScreen.storyboard in Resources */ = {isa = PBXBuildFile; fileRef = 6A4F69AE2ABAD56E001F4338 /* LaunchScreen.storyboard */; };
/* End PBXBuildFile section */

/* Begin PBXFileReference section */
		6A4F69A02ABAD56D001F4338 /* OptimisationCrashDemo.app */ = {isa = PBXFileReference; explicitFileType = wrapper.application; includeInIndex = 0; path = OptimisationCrashDemo.app; sourceTree = BUILT_PRODUCTS_DIR; };
		6A4F69A32ABAD56D001F4338 /* AppDelegate.swift */ = {isa = PBXFileReference; lastKnownFileType = sourcecode.swift; path = AppDelegate.swift; sourceTree = "<group>"; };
		6A4F69A52ABAD56D001F4338 /* SceneDelegate.swift */ = {isa = PBXFileReference; lastKnownFileType = sourcecode.swift; path = SceneDelegate.swift; sourceTree = "<group>"; };
		6A4F69A72ABAD56D001F4338 /* ViewController.swift */ = {isa = PBXFileReference; lastKnownFileType = sourcecode.swift; path = ViewController.swift; sourceTree = "<group>"; };
		6A4F69AA2ABAD56D001F4338 /* Base */ = {isa = PBXFileReference; lastKnownFileType = file.storyboard; name = Base; path = Base.lproj/Main.storyboard; sourceTree = "<group>"; };
		6A4F69AC2ABAD56E001F4338 /* Assets.xcassets */ = {isa = PBXFileReference; lastKnownFileType = folder.assetcatalog; path = Assets.xcassets; sourceTree = "<group>"; };
		6A4F69AF2ABAD56E001F4338 /* Base */ = {isa = PBXFileReference; lastKnownFileType = file.storyboard; name = Base; path = Base.lproj/LaunchScreen.storyboard; sourceTree = "<group>"; };
		6A4F69B12ABAD56E001F4338 /* Info.plist */ = {isa = PBXFileReference; lastKnownFileType = text.plist.xml; path = Info.plist; sourceTree = "<group>"; };
		6DB6A6E58EBD8F3F985DDD13 /* libPods-OptimisationCrashDemo.a */ = {isa = PBXFileReference; explicitFileType = archive.ar; includeInIndex = 0; path = "libPods-OptimisationCrashDemo.a"; sourceTree = BUILT_PRODUCTS_DIR; };
		FB6FC8A63518016EDCAC6664 /* Pods-OptimisationCrashDemo.debug.xcconfig */ = {isa = PBXFileReference; includeInIndex = 1; lastKnownFileType = text.xcconfig; name = "Pods-OptimisationCrashDemo.debug.xcconfig"; path = "Target Support Files/Pods-OptimisationCrashDemo/Pods-OptimisationCrashDemo.debug.xcconfig"; sourceTree = "<group>"; };
		FDE8BC87A4F2A549DADEE768 /* Pods-OptimisationCrashDemo.release.xcconfig */ = {isa = PBXFileReference; includeInIndex = 1; lastKnownFileType = text.xcconfig; name = "Pods-OptimisationCrashDemo.release.xcconfig"; path = "Target Support Files/Pods-OptimisationCrashDemo/Pods-OptimisationCrashDemo.release.xcconfig"; sourceTree = "<group>"; };
/* End PBXFileReference section */

/* Begin PBXFrameworksBuildPhase section */
		6A4F699D2ABAD56D001F4338 /* Frameworks */ = {
			isa = PBXFrameworksBuildPhase;
			buildActionMask = 2147483647;
			files = (
				3567A6B595EE23B6AC570EEA /* libPods-OptimisationCrashDemo.a in Frameworks */,
			);
			runOnlyForDeploymentPostprocessing = 0;
		};
/* End PBXFrameworksBuildPhase section */

/* Begin PBXGroup section */
		6A4F69972ABAD56D001F4338 = {
			isa = PBXGroup;
			children = (
				6A4F69A22ABAD56D001F4338 /* OptimisationCrashDemo */,
				6A4F69A12ABAD56D001F4338 /* Products */,
				9D49A97158A62FDDC00FCBF7 /* Pods */,
				8500ABA379B0E0755D71916D /* Frameworks */,
			);
			sourceTree = "<group>";
		};
		6A4F69A12ABAD56D001F4338 /* Products */ = {
			isa = PBXGroup;
			children = (
				6A4F69A02ABAD56D001F4338 /* OptimisationCrashDemo.app */,
			);
			name = Products;
			sourceTree = "<group>";
		};
		6A4F69A22ABAD56D001F4338 /* OptimisationCrashDemo */ = {
			isa = PBXGroup;
			children = (
				6A4F69A32ABAD56D001F4338 /* AppDelegate.swift */,
				6A4F69A52ABAD56D001F4338 /* SceneDelegate.swift */,
				6A4F69A72ABAD56D001F4338 /* ViewController.swift */,
				6A4F69A92ABAD56D001F4338 /* Main.storyboard */,
				6A4F69AC2ABAD56E001F4338 /* Assets.xcassets */,
				6A4F69AE2ABAD56E001F4338 /* LaunchScreen.storyboard */,
				6A4F69B12ABAD56E001F4338 /* Info.plist */,
			);
			path = OptimisationCrashDemo;
			sourceTree = "<group>";
		};
		8500ABA379B0E0755D71916D /* Frameworks */ = {
			isa = PBXGroup;
			children = (
				6DB6A6E58EBD8F3F985DDD13 /* libPods-OptimisationCrashDemo.a */,
			);
			name = Frameworks;
			sourceTree = "<group>";
		};
		9D49A97158A62FDDC00FCBF7 /* Pods */ = {
			isa = PBXGroup;
			children = (
				FB6FC8A63518016EDCAC6664 /* Pods-OptimisationCrashDemo.debug.xcconfig */,
				FDE8BC87A4F2A549DADEE768 /* Pods-OptimisationCrashDemo.release.xcconfig */,
			);
			path = Pods;
			sourceTree = "<group>";
		};
/* End PBXGroup section */

/* Begin PBXNativeTarget section */
		6A4F699F2ABAD56D001F4338 /* OptimisationCrashDemo */ = {
			isa = PBXNativeTarget;
			buildConfigurationList = 6A4F69B42ABAD56E001F4338 /* Build configuration list for PBXNativeTarget "OptimisationCrashDemo" */;
			buildPhases = (
				77C40EF38362701A8543210E /* [CP] Check Pods Manifest.lock */,
				6A4F699C2ABAD56D001F4338 /* Sources */,
				6A4F699D2ABAD56D001F4338 /* Frameworks */,
				6A4F699E2ABAD56D001F4338 /* Resources */,
			);
			buildRules = (
			);
			dependencies = (
			);
			name = OptimisationCrashDemo;
			productName = OptimisationCrashDemo;
			productReference = 6A4F69A02ABAD56D001F4338 /* OptimisationCrashDemo.app */;
			productType = "com.apple.product-type.application";
		};
/* End PBXNativeTarget section */

/* Begin PBXProject section */
		6A4F69982ABAD56D001F4338 /* Project object */ = {
			isa = PBXProject;
			attributes = {
				BuildIndependentTargetsInParallel = 1;
				LastSwiftUpdateCheck = 1500;
				LastUpgradeCheck = 1500;
				TargetAttributes = {
					6A4F699F2ABAD56D001F4338 = {
						CreatedOnToolsVersion = 15.0;
					};
				};
			};
			buildConfigurationList = 6A4F699B2ABAD56D001F4338 /* Build configuration list for PBXProject "OptimisationCrashDemo" */;
			compatibilityVersion = "Xcode 14.0";
			developmentRegion = en;
			hasScannedForEncodings = 0;
			knownRegions = (
				en,
				Base,
			);
			mainGroup = 6A4F69972ABAD56D001F4338;
			productRefGroup = 6A4F69A12ABAD56D001F4338 /* Products */;
			projectDirPath = "";
			projectRoot = "";
			targets = (
				6A4F699F2ABAD56D001F4338 /* OptimisationCrashDemo */,
			);
		};
/* End PBXProject section */

/* Begin PBXResourcesBuildPhase section */
		6A4F699E2ABAD56D001F4338 /* Resources */ = {
			isa = PBXResourcesBuildPhase;
			buildActionMask = 2147483647;
			files = (
				6A4F69B02ABAD56E001F4338 /* LaunchScreen.storyboard in Resources */,
				6A4F69AD2ABAD56E001F4338 /* Assets.xcassets in Resources */,
				6A4F69AB2ABAD56D001F4338 /* Main.storyboard in Resources */,
			);
			runOnlyForDeploymentPostprocessing = 0;
		};
/* End PBXResourcesBuildPhase section */

/* Begin PBXShellScriptBuildPhase section */
		77C40EF38362701A8543210E /* [CP] Check Pods Manifest.lock */ = {
			isa = PBXShellScriptBuildPhase;
			buildActionMask = 2147483647;
			files = (
			);
			inputFileListPaths = (
			);
			inputPaths = (
				"${PODS_PODFILE_DIR_PATH}/Podfile.lock",
				"${PODS_ROOT}/Manifest.lock",
			);
			name = "[CP] Check Pods Manifest.lock";
			outputFileListPaths = (
			);
			outputPaths = (
				"$(DERIVED_FILE_DIR)/Pods-OptimisationCrashDemo-checkManifestLockResult.txt",
			);
			runOnlyForDeploymentPostprocessing = 0;
			shellPath = /bin/sh;
			shellScript = "diff \"${PODS_PODFILE_DIR_PATH}/Podfile.lock\" \"${PODS_ROOT}/Manifest.lock\" > /dev/null\nif [ $? != 0 ] ; then\n    # print error to STDERR\n    echo \"error: The sandbox is not in sync with the Podfile.lock. Run 'pod install' or update your CocoaPods installation.\" >&2\n    exit 1\nfi\n# This output is used by Xcode 'outputs' to avoid re-running this script phase.\necho \"SUCCESS\" > \"${SCRIPT_OUTPUT_FILE_0}\"\n";
			showEnvVarsInLog = 0;
		};
/* End PBXShellScriptBuildPhase section */

/* Begin PBXSourcesBuildPhase section */
		6A4F699C2ABAD56D001F4338 /* Sources */ = {
			isa = PBXSourcesBuildPhase;
			buildActionMask = 2147483647;
			files = (
				6A4F69A82ABAD56D001F4338 /* ViewController.swift in Sources */,
				6A4F69A42ABAD56D001F4338 /* AppDelegate.swift in Sources */,
				6A4F69A62ABAD56D001F4338 /* SceneDelegate.swift in Sources */,
			);
			runOnlyForDeploymentPostprocessing = 0;
		};
/* End PBXSourcesBuildPhase section */

/* Begin PBXVariantGroup section */
		6A4F69A92ABAD56D001F4338 /* Main.storyboard */ = {
			isa = PBXVariantGroup;
			children = (
				6A4F69AA2ABAD56D001F4338 /* Base */,
			);
			name = Main.storyboard;
			sourceTree = "<group>";
		};
		6A4F69AE2ABAD56E001F4338 /* LaunchScreen.storyboard */ = {
			isa = PBXVariantGroup;
			children = (
				6A4F69AF2ABAD56E001F4338 /* Base */,
			);
			name = LaunchScreen.storyboard;
			sourceTree = "<group>";
		};
/* End PBXVariantGroup section */

/* Begin XCBuildConfiguration section */
		6A4F69B22ABAD56E001F4338 /* Debug */ = {
			isa = XCBuildConfiguration;
			buildSettings = {
				ALWAYS_SEARCH_USER_PATHS = NO;
				ASSETCATALOG_COMPILER_GENERATE_SWIFT_ASSET_SYMBOL_EXTENSIONS = YES;
				CLANG_ANALYZER_NONNULL = YES;
				CLANG_ANALYZER_NUMBER_OBJECT_CONVERSION = YES_AGGRESSIVE;
				CLANG_CXX_LANGUAGE_STANDARD = "gnu++20";
				CLANG_ENABLE_MODULES = YES;
				CLANG_ENABLE_OBJC_ARC = YES;
				CLANG_ENABLE_OBJC_WEAK = YES;
				CLANG_WARN_BLOCK_CAPTURE_AUTORELEASING = YES;
				CLANG_WARN_BOOL_CONVERSION = YES;
				CLANG_WARN_COMMA = YES;
				CLANG_WARN_CONSTANT_CONVERSION = YES;
				CLANG_WARN_DEPRECATED_OBJC_IMPLEMENTATIONS = YES;
				CLANG_WARN_DIRECT_OBJC_ISA_USAGE = YES_ERROR;
				CLANG_WARN_DOCUMENTATION_COMMENTS = YES;
				CLANG_WARN_EMPTY_BODY = YES;
				CLANG_WARN_ENUM_CONVERSION = YES;
				CLANG_WARN_INFINITE_RECURSION = YES;
				CLANG_WARN_INT_CONVERSION = YES;
				CLANG_WARN_NON_LITERAL_NULL_CONVERSION = YES;
				CLANG_WARN_OBJC_IMPLICIT_RETAIN_SELF = YES;
				CLANG_WARN_OBJC_LITERAL_CONVERSION = YES;
				CLANG_WARN_OBJC_ROOT_CLASS = YES_ERROR;
				CLANG_WARN_QUOTED_INCLUDE_IN_FRAMEWORK_HEADER = YES;
				CLANG_WARN_RANGE_LOOP_ANALYSIS = YES;
				CLANG_WARN_STRICT_PROTOTYPES = YES;
				CLANG_WARN_SUSPICIOUS_MOVE = YES;
				CLANG_WARN_UNGUARDED_AVAILABILITY = YES_AGGRESSIVE;
				CLANG_WARN_UNREACHABLE_CODE = YES;
				CLANG_WARN__DUPLICATE_METHOD_MATCH = YES;
				COPY_PHASE_STRIP = NO;
				DEBUG_INFORMATION_FORMAT = dwarf;
				ENABLE_STRICT_OBJC_MSGSEND = YES;
				ENABLE_TESTABILITY = YES;
				ENABLE_USER_SCRIPT_SANDBOXING = YES;
				GCC_C_LANGUAGE_STANDARD = gnu17;
				GCC_DYNAMIC_NO_PIC = NO;
				GCC_NO_COMMON_BLOCKS = YES;
				GCC_OPTIMIZATION_LEVEL = 0;
				GCC_PREPROCESSOR_DEFINITIONS = (
					"DEBUG=1",
					"$(inherited)",
				);
				GCC_WARN_64_TO_32_BIT_CONVERSION = YES;
				GCC_WARN_ABOUT_RETURN_TYPE = YES_ERROR;
				GCC_WARN_UNDECLARED_SELECTOR = YES;
				GCC_WARN_UNINITIALIZED_AUTOS = YES_AGGRESSIVE;
				GCC_WARN_UNUSED_FUNCTION = YES;
				GCC_WARN_UNUSED_VARIABLE = YES;
				IPHONEOS_DEPLOYMENT_TARGET = 17.0;
				LOCALIZATION_PREFERS_STRING_CATALOGS = YES;
				MTL_ENABLE_DEBUG_INFO = INCLUDE_SOURCE;
				MTL_FAST_MATH = YES;
				ONLY_ACTIVE_ARCH = YES;
				SDKROOT = iphoneos;
				SWIFT_ACTIVE_COMPILATION_CONDITIONS = "DEBUG $(inherited)";
				SWIFT_OPTIMIZATION_LEVEL = "-Onone";
			};
			name = Debug;
		};
		6A4F69B32ABAD56E001F4338 /* Release */ = {
			isa = XCBuildConfiguration;
			buildSettings = {
				ALWAYS_SEARCH_USER_PATHS = NO;
				ASSETCATALOG_COMPILER_GENERATE_SWIFT_ASSET_SYMBOL_EXTENSIONS = YES;
				CLANG_ANALYZER_NONNULL = YES;
				CLANG_ANALYZER_NUMBER_OBJECT_CONVERSION = YES_AGGRESSIVE;
				CLANG_CXX_LANGUAGE_STANDARD = "gnu++20";
				CLANG_ENABLE_MODULES = YES;
				CLANG_ENABLE_OBJC_ARC = YES;
				CLANG_ENABLE_OBJC_WEAK = YES;
				CLANG_WARN_BLOCK_CAPTURE_AUTORELEASING = YES;
				CLANG_WARN_BOOL_CONVERSION = YES;
				CLANG_WARN_COMMA = YES;
				CLANG_WARN_CONSTANT_CONVERSION = YES;
				CLANG_WARN_DEPRECATED_OBJC_IMPLEMENTATIONS = YES;
				CLANG_WARN_DIRECT_OBJC_ISA_USAGE = YES_ERROR;
				CLANG_WARN_DOCUMENTATION_COMMENTS = YES;
				CLANG_WARN_EMPTY_BODY = YES;
				CLANG_WARN_ENUM_CONVERSION = YES;
				CLANG_WARN_INFINITE_RECURSION = YES;
				CLANG_WARN_INT_CONVERSION = YES;
				CLANG_WARN_NON_LITERAL_NULL_CONVERSION = YES;
				CLANG_WARN_OBJC_IMPLICIT_RETAIN_SELF = YES;
				CLANG_WARN_OBJC_LITERAL_CONVERSION = YES;
				CLANG_WARN_OBJC_ROOT_CLASS = YES_ERROR;
				CLANG_WARN_QUOTED_INCLUDE_IN_FRAMEWORK_HEADER = YES;
				CLANG_WARN_RANGE_LOOP_ANALYSIS = YES;
				CLANG_WARN_STRICT_PROTOTYPES = YES;
				CLANG_WARN_SUSPICIOUS_MOVE = YES;
				CLANG_WARN_UNGUARDED_AVAILABILITY = YES_AGGRESSIVE;
				CLANG_WARN_UNREACHABLE_CODE = YES;
				CLANG_WARN__DUPLICATE_METHOD_MATCH = YES;
				COPY_PHASE_STRIP = NO;
				DEBUG_INFORMATION_FORMAT = "dwarf-with-dsym";
				ENABLE_NS_ASSERTIONS = NO;
				ENABLE_STRICT_OBJC_MSGSEND = YES;
				ENABLE_USER_SCRIPT_SANDBOXING = YES;
				GCC_C_LANGUAGE_STANDARD = gnu17;
				GCC_NO_COMMON_BLOCKS = YES;
				GCC_WARN_64_TO_32_BIT_CONVERSION = YES;
				GCC_WARN_ABOUT_RETURN_TYPE = YES_ERROR;
				GCC_WARN_UNDECLARED_SELECTOR = YES;
				GCC_WARN_UNINITIALIZED_AUTOS = YES_AGGRESSIVE;
				GCC_WARN_UNUSED_FUNCTION = YES;
				GCC_WARN_UNUSED_VARIABLE = YES;
				IPHONEOS_DEPLOYMENT_TARGET = 17.0;
				LOCALIZATION_PREFERS_STRING_CATALOGS = YES;
				MTL_ENABLE_DEBUG_INFO = NO;
				MTL_FAST_MATH = YES;
				SDKROOT = iphoneos;
				SWIFT_COMPILATION_MODE = wholemodule;
				VALIDATE_PRODUCT = YES;
			};
			name = Release;
		};
		6A4F69B52ABAD56E001F4338 /* Debug */ = {
			isa = XCBuildConfiguration;
			baseConfigurationReference = FB6FC8A63518016EDCAC6664 /* Pods-OptimisationCrashDemo.debug.xcconfig */;
			buildSettings = {
				ASSETCATALOG_COMPILER_APPICON_NAME = AppIcon;
				ASSETCATALOG_COMPILER_GLOBAL_ACCENT_COLOR_NAME = AccentColor;
				CODE_SIGN_STYLE = Automatic;
				CURRENT_PROJECT_VERSION = 1;
				DEVELOPMENT_TEAM = GRYHZ743U6;
				GENERATE_INFOPLIST_FILE = YES;
				INFOPLIST_FILE = OptimisationCrashDemo/Info.plist;
				INFOPLIST_KEY_UIApplicationSupportsIndirectInputEvents = YES;
				INFOPLIST_KEY_UILaunchStoryboardName = LaunchScreen;
				INFOPLIST_KEY_UIMainStoryboardFile = Main;
				INFOPLIST_KEY_UISupportedInterfaceOrientations_iPad = "UIInterfaceOrientationPortrait UIInterfaceOrientationPortraitUpsideDown UIInterfaceOrientationLandscapeLeft UIInterfaceOrientationLandscapeRight";
				INFOPLIST_KEY_UISupportedInterfaceOrientations_iPhone = "UIInterfaceOrientationPortrait UIInterfaceOrientationLandscapeLeft UIInterfaceOrientationLandscapeRight";
				IPHONEOS_DEPLOYMENT_TARGET = 14;
				LD_RUNPATH_SEARCH_PATHS = (
					"$(inherited)",
					"@executable_path/Frameworks",
				);
				MARKETING_VERSION = 1.0;
				PRODUCT_BUNDLE_IDENTIFIER = prider.OptimisationCrashDemo;
				PRODUCT_NAME = "$(TARGET_NAME)";
				SWIFT_EMIT_LOC_STRINGS = YES;
				SWIFT_VERSION = 5.0;
				TARGETED_DEVICE_FAMILY = "1,2";
			};
			name = Debug;
		};
		6A4F69B62ABAD56E001F4338 /* Release */ = {
			isa = XCBuildConfiguration;
			baseConfigurationReference = FDE8BC87A4F2A549DADEE768 /* Pods-OptimisationCrashDemo.release.xcconfig */;
			buildSettings = {
				ASSETCATALOG_COMPILER_APPICON_NAME = AppIcon;
				ASSETCATALOG_COMPILER_GLOBAL_ACCENT_COLOR_NAME = AccentColor;
				CODE_SIGN_STYLE = Automatic;
				CURRENT_PROJECT_VERSION = 1;
				DEVELOPMENT_TEAM = GRYHZ743U6;
				GENERATE_INFOPLIST_FILE = YES;
				INFOPLIST_FILE = OptimisationCrashDemo/Info.plist;
				INFOPLIST_KEY_UIApplicationSupportsIndirectInputEvents = YES;
				INFOPLIST_KEY_UILaunchStoryboardName = LaunchScreen;
				INFOPLIST_KEY_UIMainStoryboardFile = Main;
				INFOPLIST_KEY_UISupportedInterfaceOrientations_iPad = "UIInterfaceOrientationPortrait UIInterfaceOrientationPortraitUpsideDown UIInterfaceOrientationLandscapeLeft UIInterfaceOrientationLandscapeRight";
				INFOPLIST_KEY_UISupportedInterfaceOrientations_iPhone = "UIInterfaceOrientationPortrait UIInterfaceOrientationLandscapeLeft UIInterfaceOrientationLandscapeRight";
				IPHONEOS_DEPLOYMENT_TARGET = 14;
				LD_RUNPATH_SEARCH_PATHS = (
					"$(inherited)",
					"@executable_path/Frameworks",
				);
				MARKETING_VERSION = 1.0;
				PRODUCT_BUNDLE_IDENTIFIER = prider.OptimisationCrashDemo;
				PRODUCT_NAME = "$(TARGET_NAME)";
				SWIFT_EMIT_LOC_STRINGS = YES;
				SWIFT_VERSION = 5.0;
				TARGETED_DEVICE_FAMILY = "1,2";
			};
			name = Release;
		};
/* End XCBuildConfiguration section */

/* Begin XCConfigurationList section */
		6A4F699B2ABAD56D001F4338 /* Build configuration list for PBXProject "OptimisationCrashDemo" */ = {
			isa = XCConfigurationList;
			buildConfigurations = (
				6A4F69B22ABAD56E001F4338 /* Debug */,
				6A4F69B32ABAD56E001F4338 /* Release */,
			);
			defaultConfigurationIsVisible = 0;
			defaultConfigurationName = Release;
		};
		6A4F69B42ABAD56E001F4338 /* Build configuration list for PBXNativeTarget "OptimisationCrashDemo" */ = {
			isa = XCConfigurationList;
			buildConfigurations = (
				6A4F69B52ABAD56E001F4338 /* Debug */,
				6A4F69B62ABAD56E001F4338 /* Release */,
			);
			defaultConfigurationIsVisible = 0;
			defaultConfigurationName = Release;
		};
/* End XCConfigurationList section */
	};
	rootObject = 6A4F69982ABAD56D001F4338 /* Project object */;
}
